
Microsoft Visual Studio Solution File, Format Version 12.00
# Visual Studio 14
VisualStudioVersion = 14.0.25420.1
MinimumVisualStudioVersion = 10.0.40219.1
Project("{2150E333-8FDC-42A3-9474-1A3956D46DE8}") = "Source", "Source", "{DE589486-1DFC-40DB-A24C-D8BE9262801C}"
EndProject
Project("{2150E333-8FDC-42A3-9474-1A3956D46DE8}") = "Specs", "Specs", "{315459DF-9289-406C-A718-9AA95B990409}"
EndProject
Project("{2150E333-8FDC-42A3-9474-1A3956D46DE8}") = "Tests", "Tests", "{AB87A13F-F77C-41CA-AB4C-A510974D3D8F}"
EndProject
Project("{2150E333-8FDC-42A3-9474-1A3956D46DE8}") = "Application", "Application", "{59369818-360C-45E0-9DDE-3828FD8CA798}"
EndProject
Project("{2150E333-8FDC-42A3-9474-1A3956D46DE8}") = "Application", "Application", "{7E9EB7DC-F918-48FD-99E7-CA8490CCF03E}"
EndProject
Project("{2150E333-8FDC-42A3-9474-1A3956D46DE8}") = "Delivery", "Delivery", "{5687451D-5C5F-46D1-B7A9-A274521B1033}"
EndProject
Project("{2150E333-8FDC-42A3-9474-1A3956D46DE8}") = "Delivery", "Delivery", "{4C6C75D8-6771-4DF6-ADD7-475EEDE521D0}"
EndProject
Project("{2150E333-8FDC-42A3-9474-1A3956D46DE8}") = "Library", "Library", "{663DE0F2-3C15-4E11-A05E-FA3E267F38FE}"
EndProject
Project("{2150E333-8FDC-42A3-9474-1A3956D46DE8}") = "Library", "Library", "{A4DCE288-D652-4745-AF54-ED1ACD976D95}"
EndProject
Project("{2150E333-8FDC-42A3-9474-1A3956D46DE8}") = "Delivery", "Delivery", "{0D8FA8B3-A63E-4E88-8DC8-CCE3749A6C9C}"
EndProject
Global
	GlobalSection(SolutionProperties) = preSolution
		HideSolutionNode = FALSE
	EndGlobalSection
	GlobalSection(NestedProjects) = preSolution
		{59369818-360C-45E0-9DDE-3828FD8CA798} = {DE589486-1DFC-40DB-A24C-D8BE9262801C}
		{7E9EB7DC-F918-48FD-99E7-CA8490CCF03E} = {AB87A13F-F77C-41CA-AB4C-A510974D3D8F}
		{5687451D-5C5F-46D1-B7A9-A274521B1033} = {DE589486-1DFC-40DB-A24C-D8BE9262801C}
		{4C6C75D8-6771-4DF6-ADD7-475EEDE521D0} = {AB87A13F-F77C-41CA-AB4C-A510974D3D8F}
		{663DE0F2-3C15-4E11-A05E-FA3E267F38FE} = {DE589486-1DFC-40DB-A24C-D8BE9262801C}
		{A4DCE288-D652-4745-AF54-ED1ACD976D95} = {AB87A13F-F77C-41CA-AB4C-A510974D3D8F}
		{0D8FA8B3-A63E-4E88-8DC8-CCE3749A6C9C} = {315459DF-9289-406C-A718-9AA95B990409}
	EndGlobalSection
EndGlobal
