
Microsoft Visual Studio Solution File, Format Version 12.00
# Visual Studio 14
VisualStudioVersion = 14.0.25420.1
MinimumVisualStudioVersion = 10.0.40219.1
Project("{2150E333-8FDC-42A3-9474-1A3956D46DE8}") = "Source", "Source", "{DE589486-1DFC-40DB-A24C-D8BE9262801C}"
EndProject
Project("{2150E333-8FDC-42A3-9474-1A3956D46DE8}") = "Specs", "Specs", "{315459DF-9289-406C-A718-9AA95B990409}"
EndProject
Project("{2150E333-8FDC-42A3-9474-1A3956D46DE8}") = "Tests", "Tests", "{AB87A13F-F77C-41CA-AB4C-A510974D3D8F}"
EndProject
Project("{2150E333-8FDC-42A3-9474-1A3956D46DE8}") = "Application", "Application", "{59369818-360C-45E0-9DDE-3828FD8CA798}"
EndProject
Project("{2150E333-8FDC-42A3-9474-1A3956D46DE8}") = "Application", "Application", "{7E9EB7DC-F918-48FD-99E7-CA8490CCF03E}"
EndProject
Project("{2150E333-8FDC-42A3-9474-1A3956D46DE8}") = "Delivery", "Delivery", "{5687451D-5C5F-46D1-B7A9-A274521B1033}"
EndProject
Project("{2150E333-8FDC-42A3-9474-1A3956D46DE8}") = "Delivery", "Delivery", "{4C6C75D8-6771-4DF6-ADD7-475EEDE521D0}"
EndProject
Project("{2150E333-8FDC-42A3-9474-1A3956D46DE8}") = "Library", "Library", "{663DE0F2-3C15-4E11-A05E-FA3E267F38FE}"
EndProject
Project("{2150E333-8FDC-42A3-9474-1A3956D46DE8}") = "Library", "Library", "{A4DCE288-D652-4745-AF54-ED1ACD976D95}"
EndProject
Project("{2150E333-8FDC-42A3-9474-1A3956D46DE8}") = "Delivery", "Delivery", "{0D8FA8B3-A63E-4E88-8DC8-CCE3749A6C9C}"
EndProject
Project("{2150E333-8FDC-42A3-9474-1A3956D46DE8}") = "Solution Items", "Solution Items", "{1F593F89-DB72-4BE8-929E-5B666F5BDB03}"
	ProjectSection(SolutionItems) = preProject
		global.json = global.json
	EndProjectSection
EndProject
Project("{8BB2217D-0F2D-49D1-97BC-3654ED321F3B}") = "Orion.Data", "Source\Library\Orion.Data\Orion.Data.xproj", "{0D888711-06EC-472C-85C3-68FEB51EB711}"
EndProject
Project("{8BB2217D-0F2D-49D1-97BC-3654ED321F3B}") = "Orion.Delivery.Web", "Source\Delivery\Orion.Delivery.Web\Orion.Delivery.Web.xproj", "{EA530E86-39A0-4C43-88C4-BBAAEE1BDA5E}"
EndProject
Project("{8BB2217D-0F2D-49D1-97BC-3654ED321F3B}") = "Orion.Delivery.Web.Tests", "Tests\Delivery\Orion.Delivery.Web.Tests\Orion.Delivery.Web.Tests.xproj", "{AE35DD43-F860-4D65-B571-368240A77270}"
EndProject
Project("{8BB2217D-0F2D-49D1-97BC-3654ED321F3B}") = "Orion.Data.Tests", "Tests\Library\Orion.Data.Tests\Orion.Data.Tests.xproj", "{8B9FCF04-CF44-4F9C-9C33-AAC1DCBE904E}"
EndProject
Project("{8BB2217D-0F2D-49D1-97BC-3654ED321F3B}") = "Orion.Payroll.Application", "Source\Application\Orion.Payroll.Application\Orion.Payroll.Application.xproj", "{73EF0D4E-1730-43A7-806E-ECD9756827AB}"
EndProject
Project("{8BB2217D-0F2D-49D1-97BC-3654ED321F3B}") = "Orion.Payroll.Application.Tests", "Tests\Application\Orion.Payroll.Application.Tests\Orion.Payroll.Application.Tests.xproj", "{BC51E432-4C95-4395-86FD-6F8214972D0E}"
EndProject
Global
	GlobalSection(SolutionConfigurationPlatforms) = preSolution
		Debug|Any CPU = Debug|Any CPU
		Release|Any CPU = Release|Any CPU
	EndGlobalSection
	GlobalSection(ProjectConfigurationPlatforms) = postSolution
		{0D888711-06EC-472C-85C3-68FEB51EB711}.Debug|Any CPU.ActiveCfg = Debug|Any CPU
		{0D888711-06EC-472C-85C3-68FEB51EB711}.Debug|Any CPU.Build.0 = Debug|Any CPU
		{0D888711-06EC-472C-85C3-68FEB51EB711}.Release|Any CPU.ActiveCfg = Release|Any CPU
		{0D888711-06EC-472C-85C3-68FEB51EB711}.Release|Any CPU.Build.0 = Release|Any CPU
		{EA530E86-39A0-4C43-88C4-BBAAEE1BDA5E}.Debug|Any CPU.ActiveCfg = Debug|Any CPU
		{EA530E86-39A0-4C43-88C4-BBAAEE1BDA5E}.Debug|Any CPU.Build.0 = Debug|Any CPU
		{EA530E86-39A0-4C43-88C4-BBAAEE1BDA5E}.Release|Any CPU.ActiveCfg = Release|Any CPU
		{EA530E86-39A0-4C43-88C4-BBAAEE1BDA5E}.Release|Any CPU.Build.0 = Release|Any CPU
		{AE35DD43-F860-4D65-B571-368240A77270}.Debug|Any CPU.ActiveCfg = Debug|Any CPU
		{AE35DD43-F860-4D65-B571-368240A77270}.Debug|Any CPU.Build.0 = Debug|Any CPU
		{AE35DD43-F860-4D65-B571-368240A77270}.Release|Any CPU.ActiveCfg = Release|Any CPU
		{AE35DD43-F860-4D65-B571-368240A77270}.Release|Any CPU.Build.0 = Release|Any CPU
		{8B9FCF04-CF44-4F9C-9C33-AAC1DCBE904E}.Debug|Any CPU.ActiveCfg = Debug|Any CPU
		{8B9FCF04-CF44-4F9C-9C33-AAC1DCBE904E}.Debug|Any CPU.Build.0 = Debug|Any CPU
		{8B9FCF04-CF44-4F9C-9C33-AAC1DCBE904E}.Release|Any CPU.ActiveCfg = Release|Any CPU
		{8B9FCF04-CF44-4F9C-9C33-AAC1DCBE904E}.Release|Any CPU.Build.0 = Release|Any CPU
		{73EF0D4E-1730-43A7-806E-ECD9756827AB}.Debug|Any CPU.ActiveCfg = Debug|Any CPU
		{73EF0D4E-1730-43A7-806E-ECD9756827AB}.Debug|Any CPU.Build.0 = Debug|Any CPU
		{73EF0D4E-1730-43A7-806E-ECD9756827AB}.Release|Any CPU.ActiveCfg = Release|Any CPU
		{73EF0D4E-1730-43A7-806E-ECD9756827AB}.Release|Any CPU.Build.0 = Release|Any CPU
		{BC51E432-4C95-4395-86FD-6F8214972D0E}.Debug|Any CPU.ActiveCfg = Debug|Any CPU
		{BC51E432-4C95-4395-86FD-6F8214972D0E}.Debug|Any CPU.Build.0 = Debug|Any CPU
		{BC51E432-4C95-4395-86FD-6F8214972D0E}.Release|Any CPU.ActiveCfg = Release|Any CPU
		{BC51E432-4C95-4395-86FD-6F8214972D0E}.Release|Any CPU.Build.0 = Release|Any CPU
	EndGlobalSection
	GlobalSection(SolutionProperties) = preSolution
		HideSolutionNode = FALSE
	EndGlobalSection
	GlobalSection(NestedProjects) = preSolution
		{59369818-360C-45E0-9DDE-3828FD8CA798} = {DE589486-1DFC-40DB-A24C-D8BE9262801C}
		{7E9EB7DC-F918-48FD-99E7-CA8490CCF03E} = {AB87A13F-F77C-41CA-AB4C-A510974D3D8F}
		{5687451D-5C5F-46D1-B7A9-A274521B1033} = {DE589486-1DFC-40DB-A24C-D8BE9262801C}
		{4C6C75D8-6771-4DF6-ADD7-475EEDE521D0} = {AB87A13F-F77C-41CA-AB4C-A510974D3D8F}
		{663DE0F2-3C15-4E11-A05E-FA3E267F38FE} = {DE589486-1DFC-40DB-A24C-D8BE9262801C}
		{A4DCE288-D652-4745-AF54-ED1ACD976D95} = {AB87A13F-F77C-41CA-AB4C-A510974D3D8F}
		{0D8FA8B3-A63E-4E88-8DC8-CCE3749A6C9C} = {315459DF-9289-406C-A718-9AA95B990409}
		{0D888711-06EC-472C-85C3-68FEB51EB711} = {663DE0F2-3C15-4E11-A05E-FA3E267F38FE}
		{EA530E86-39A0-4C43-88C4-BBAAEE1BDA5E} = {5687451D-5C5F-46D1-B7A9-A274521B1033}
		{AE35DD43-F860-4D65-B571-368240A77270} = {4C6C75D8-6771-4DF6-ADD7-475EEDE521D0}
		{8B9FCF04-CF44-4F9C-9C33-AAC1DCBE904E} = {A4DCE288-D652-4745-AF54-ED1ACD976D95}
		{73EF0D4E-1730-43A7-806E-ECD9756827AB} = {59369818-360C-45E0-9DDE-3828FD8CA798}
		{BC51E432-4C95-4395-86FD-6F8214972D0E} = {7E9EB7DC-F918-48FD-99E7-CA8490CCF03E}
	EndGlobalSection
EndGlobal
