
Microsoft Visual Studio Solution File, Format Version 12.00
# Visual Studio 14
VisualStudioVersion = 14.0.25420.1
MinimumVisualStudioVersion = 10.0.40219.1
Project("{2150E333-8FDC-42A3-9474-1A3956D46DE8}") = "Source", "Source", "{DE589486-1DFC-40DB-A24C-D8BE9262801C}"
EndProject
Project("{2150E333-8FDC-42A3-9474-1A3956D46DE8}") = "Specs", "Specs", "{315459DF-9289-406C-A718-9AA95B990409}"
EndProject
Project("{2150E333-8FDC-42A3-9474-1A3956D46DE8}") = "Tests", "Tests", "{AB87A13F-F77C-41CA-AB4C-A510974D3D8F}"
EndProject
Project("{2150E333-8FDC-42A3-9474-1A3956D46DE8}") = "Application", "Application", "{59369818-360C-45E0-9DDE-3828FD8CA798}"
EndProject
Project("{2150E333-8FDC-42A3-9474-1A3956D46DE8}") = "Application", "Application", "{7E9EB7DC-F918-48FD-99E7-CA8490CCF03E}"
EndProject
Project("{2150E333-8FDC-42A3-9474-1A3956D46DE8}") = "Delivery", "Delivery", "{5687451D-5C5F-46D1-B7A9-A274521B1033}"
EndProject
Project("{2150E333-8FDC-42A3-9474-1A3956D46DE8}") = "Delivery", "Delivery", "{4C6C75D8-6771-4DF6-ADD7-475EEDE521D0}"
EndProject
Project("{2150E333-8FDC-42A3-9474-1A3956D46DE8}") = "Library", "Library", "{663DE0F2-3C15-4E11-A05E-FA3E267F38FE}"
EndProject
Project("{2150E333-8FDC-42A3-9474-1A3956D46DE8}") = "Library", "Library", "{A4DCE288-D652-4745-AF54-ED1ACD976D95}"
EndProject
Project("{2150E333-8FDC-42A3-9474-1A3956D46DE8}") = "Delivery", "Delivery", "{0D8FA8B3-A63E-4E88-8DC8-CCE3749A6C9C}"
EndProject
Project("{2150E333-8FDC-42A3-9474-1A3956D46DE8}") = "Solution Items", "Solution Items", "{1F593F89-DB72-4BE8-929E-5B666F5BDB03}"
EndProject
Project("{FAE04EC0-301F-11D3-BF4B-00C04F79EFBC}") = "Orion.Data", "Source\Library\Orion.Data\Orion.Data.csproj", "{2213F513-4C32-4DA0-BB07-0B8FF1D136A2}"
EndProject
Project("{FAE04EC0-301F-11D3-BF4B-00C04F79EFBC}") = "Orion.Data.Tests", "Tests\Library\Orion.Data.Tests\Orion.Data.Tests.csproj", "{17F4BB44-832B-43DF-A14A-49E63F0A1D0C}"
EndProject
Project("{FAE04EC0-301F-11D3-BF4B-00C04F79EFBC}") = "Orion.Delivery.Web", "Source\Delivery\Orion.Delivery.Web\Orion.Delivery.Web.csproj", "{08DDC67E-D564-496F-A0D5-72F406DFC380}"
EndProject
Global
	GlobalSection(SolutionConfigurationPlatforms) = preSolution
		Debug|Any CPU = Debug|Any CPU
		Release|Any CPU = Release|Any CPU
	EndGlobalSection
	GlobalSection(ProjectConfigurationPlatforms) = postSolution
		{2213F513-4C32-4DA0-BB07-0B8FF1D136A2}.Debug|Any CPU.ActiveCfg = Debug|Any CPU
		{2213F513-4C32-4DA0-BB07-0B8FF1D136A2}.Debug|Any CPU.Build.0 = Debug|Any CPU
		{2213F513-4C32-4DA0-BB07-0B8FF1D136A2}.Release|Any CPU.ActiveCfg = Release|Any CPU
		{2213F513-4C32-4DA0-BB07-0B8FF1D136A2}.Release|Any CPU.Build.0 = Release|Any CPU
		{17F4BB44-832B-43DF-A14A-49E63F0A1D0C}.Debug|Any CPU.ActiveCfg = Debug|Any CPU
		{17F4BB44-832B-43DF-A14A-49E63F0A1D0C}.Debug|Any CPU.Build.0 = Debug|Any CPU
		{17F4BB44-832B-43DF-A14A-49E63F0A1D0C}.Release|Any CPU.ActiveCfg = Release|Any CPU
		{17F4BB44-832B-43DF-A14A-49E63F0A1D0C}.Release|Any CPU.Build.0 = Release|Any CPU
		{08DDC67E-D564-496F-A0D5-72F406DFC380}.Debug|Any CPU.ActiveCfg = Debug|Any CPU
		{08DDC67E-D564-496F-A0D5-72F406DFC380}.Debug|Any CPU.Build.0 = Debug|Any CPU
		{08DDC67E-D564-496F-A0D5-72F406DFC380}.Release|Any CPU.ActiveCfg = Release|Any CPU
		{08DDC67E-D564-496F-A0D5-72F406DFC380}.Release|Any CPU.Build.0 = Release|Any CPU
	EndGlobalSection
	GlobalSection(SolutionProperties) = preSolution
		HideSolutionNode = FALSE
	EndGlobalSection
	GlobalSection(NestedProjects) = preSolution
		{59369818-360C-45E0-9DDE-3828FD8CA798} = {DE589486-1DFC-40DB-A24C-D8BE9262801C}
		{7E9EB7DC-F918-48FD-99E7-CA8490CCF03E} = {AB87A13F-F77C-41CA-AB4C-A510974D3D8F}
		{5687451D-5C5F-46D1-B7A9-A274521B1033} = {DE589486-1DFC-40DB-A24C-D8BE9262801C}
		{4C6C75D8-6771-4DF6-ADD7-475EEDE521D0} = {AB87A13F-F77C-41CA-AB4C-A510974D3D8F}
		{663DE0F2-3C15-4E11-A05E-FA3E267F38FE} = {DE589486-1DFC-40DB-A24C-D8BE9262801C}
		{A4DCE288-D652-4745-AF54-ED1ACD976D95} = {AB87A13F-F77C-41CA-AB4C-A510974D3D8F}
		{0D8FA8B3-A63E-4E88-8DC8-CCE3749A6C9C} = {315459DF-9289-406C-A718-9AA95B990409}
		{2213F513-4C32-4DA0-BB07-0B8FF1D136A2} = {663DE0F2-3C15-4E11-A05E-FA3E267F38FE}
		{17F4BB44-832B-43DF-A14A-49E63F0A1D0C} = {A4DCE288-D652-4745-AF54-ED1ACD976D95}
		{08DDC67E-D564-496F-A0D5-72F406DFC380} = {5687451D-5C5F-46D1-B7A9-A274521B1033}
	EndGlobalSection
EndGlobal
